{
  "name": "RVD-Exporter",
  "version": "1.0.0",
  "lockfileVersion": 1,
  "requires": true,
  "dependencies": {
    "@figma/plugin-typings": {
      "version": "1.109.0",
      "resolved": "https://repo.huaweicloud.com/repository/npm/@figma/plugin-typings/-/plugin-typings-1.109.0.tgz",
      "integrity": "sha512-6l628rOQGNd5ZD3Bru36/NK+PSKmHpsrWz0NMwUYZ8AIyfIl6sCJRc8+OhAy9+WkDXq/Dx3BYiBStjmCJ8O3Lw==",
      "dev": true
    }
  }
}
